
Microsoft Visual Studio Solution File, Format Version 12.00
# Visual Studio 15
VisualStudioVersion = 15.0.28010.2016
MinimumVisualStudioVersion = 10.0.40219.1
Project("{8BC9CEB8-8B4A-11D0-8D11-00A0C91BC942}") = "UI", "UI\UI.vcxproj", "{7265E9E9-7974-400D-A148-9F689D420CDA}"
EndProject
Global
	GlobalSection(SolutionConfigurationPlatforms) = preSolution
		Debug|x64 = Debug|x64
		Debug|x86 = Debug|x86
		Release|x64 = Release|x64
		Release|x86 = Release|x86
	EndGlobalSection
	GlobalSection(ProjectConfigurationPlatforms) = postSolution
		{7265E9E9-7974-400D-A148-9F689D420CDA}.Debug|x64.ActiveCfg = Debug|x64
		{7265E9E9-7974-400D-A148-9F689D420CDA}.Debug|x64.Build.0 = Debug|x64
		{7265E9E9-7974-400D-A148-9F689D420CDA}.Debug|x86.ActiveCfg = Debug|Win32
		{7265E9E9-7974-400D-A148-9F689D420CDA}.Debug|x86.Build.0 = Debug|Win32
		{7265E9E9-7974-400D-A148-9F689D420CDA}.Release|x64.ActiveCfg = Release|x64
		{7265E9E9-7974-400D-A148-9F689D420CDA}.Release|x64.Build.0 = Release|x64
		{7265E9E9-7974-400D-A148-9F689D420CDA}.Release|x86.ActiveCfg = Release|Win32
		{7265E9E9-7974-400D-A148-9F689D420CDA}.Release|x86.Build.0 = Release|Win32
	EndGlobalSection
	GlobalSection(SolutionProperties) = preSolution
		HideSolutionNode = FALSE
	EndGlobalSection
	GlobalSection(ExtensibilityGlobals) = postSolution
		SolutionGuid = {09903441-EEEF-4CDB-944F-286BC830CFC1}
	EndGlobalSection
EndGlobal
